{
	"name": "benchmark",
	"version": "1.0.0",
	"lockfileVersion": 1,
	"requires": true,
	"dependencies": {
		"lodash": {
			"version": "4.17.21",
			"resolved": "https://registry.npmjs.org/lodash/-/lodash-4.17.21.tgz",
			"integrity": "sha512-v2kDEe57lecTulaDIuNTPy3Ry4gLGJ6Z1O3vE1krgXZNrsQ+LFTGHVxVjcXPs17LhbZVGedAJv8XZ1tvj5FvSg=="
		},
		"nes-emu": {
			"version": "0.0.3",
			"resolved": "https://registry.npmjs.org/nes-emu/-/nes-emu-0.0.3.tgz",
			"integrity": "sha512-kt9yQhXIL721drX1npnRMdoP3o6eSBnytzg+/6D8SJp3KUbGG8UF8wYSt+duOlyr5vEY1pw5jyoWOuapwEPr5w==",
			"requires": {
				"lodash": "^4.17.21"
			}
		}
	}
}
