{
	"name": "benchmark",
	"version": "1.0.0",
	"lockfileVersion": 1,
	"requires": true,
	"dependencies": {
		"lodash": {
			"version": "4.17.21",
			"resolved": "https://registry.npmjs.org/lodash/-/lodash-4.17.21.tgz",
			"integrity": "sha512-v2kDEe57lecTulaDIuNTPy3Ry4gLGJ6Z1O3vE1krgXZNrsQ+LFTGHVxVjcXPs17LhbZVGedAJv8XZ1tvj5FvSg=="
		},
		"nes-emu": {
			"version": "1.0.1",
			"resolved": "https://registry.npmjs.org/nes-emu/-/nes-emu-1.0.1.tgz",
			"integrity": "sha512-LpwOv3s4OrJZ29K4EWa5RD3Y7oPv31sjq310cYReztKUVK2nKMtzktaSNQzPamcA8Ff9X6OwgG7Rev6BZUYpCQ==",
			"requires": {
				"lodash": "^4.17.21"
			}
		}
	}
}
